
Microsoft Visual Studio Solution File, Format Version 12.00
# Visual Studio Version 17
VisualStudioVersion = 17.5.33424.131
MinimumVisualStudioVersion = 10.0.40219.1
Project("{FAE04EC0-301F-11D3-BF4B-00C04F79EFBC}") = "OmphileStudyGroup", "OmphileStudyGroup.csproj", "{79985ED0-0B4F-4763-A22B-609054DF33E6}"
EndProject
Global
	GlobalSection(SolutionConfigurationPlatforms) = preSolution
		Debug|Any CPU = Debug|Any CPU
		Release|Any CPU = Release|Any CPU
	EndGlobalSection
	GlobalSection(ProjectConfigurationPlatforms) = postSolution
		{79985ED0-0B4F-4763-A22B-609054DF33E6}.Debug|Any CPU.ActiveCfg = Debug|Any CPU
		{79985ED0-0B4F-4763-A22B-609054DF33E6}.Debug|Any CPU.Build.0 = Debug|Any CPU
		{79985ED0-0B4F-4763-A22B-609054DF33E6}.Release|Any CPU.ActiveCfg = Release|Any CPU
		{79985ED0-0B4F-4763-A22B-609054DF33E6}.Release|Any CPU.Build.0 = Release|Any CPU
	EndGlobalSection
	GlobalSection(SolutionProperties) = preSolution
		HideSolutionNode = FALSE
	EndGlobalSection
	GlobalSection(ExtensibilityGlobals) = postSolution
		SolutionGuid = {405B61B6-D755-47ED-A801-94AC2DB17A9C}
	EndGlobalSection
EndGlobal
